// !$*UTF8*$!
{
	archiveVersion = 1;
	classes = {
	};
	objectVersion = 56;
	objects = {

/* Begin PBXBuildFile section */
		B80DDE0C2B01701B00951295 /* BooksComingSoon.swift in Sources */ = {isa = PBXBuildFile; fileRef = B80DDE0B2B01701B00951295 /* BooksComingSoon.swift */; };
		B82B2B462AFBCEA6002C47C7 /* ProfileButton.swift in Sources */ = {isa = PBXBuildFile; fileRef = B82B2B452AFBCEA6002C47C7 /* ProfileButton.swift */; };
		B82B2B482AFBD29F002C47C7 /* SectionHeader.swift in Sources */ = {isa = PBXBuildFile; fileRef = B82B2B472AFBD29F002C47C7 /* SectionHeader.swift */; };
		B82B2B4A2AFBDA5F002C47C7 /* BookItem.swift in Sources */ = {isa = PBXBuildFile; fileRef = B82B2B492AFBDA5F002C47C7 /* BookItem.swift */; };
		B82B2B4D2AFBDEB0002C47C7 /* Books.swift in Sources */ = {isa = PBXBuildFile; fileRef = B82B2B4C2AFBDEB0002C47C7 /* Books.swift */; };
		B8C8B1A62AFE556A00E20317 /* BooksViewModel.swift in Sources */ = {isa = PBXBuildFile; fileRef = B8C8B1A52AFE556A00E20317 /* BooksViewModel.swift */; };
		B8C8B1A82AFE57BB00E20317 /* MyBooksView.swift in Sources */ = {isa = PBXBuildFile; fileRef = B8C8B1A72AFE57BB00E20317 /* MyBooksView.swift */; };
		B8C8B1AA2AFE68E700E20317 /* MenuView.swift in Sources */ = {isa = PBXBuildFile; fileRef = B8C8B1A92AFE68E700E20317 /* MenuView.swift */; };
		B8C8B1AC2AFE6DFC00E20317 /* BackButton.swift in Sources */ = {isa = PBXBuildFile; fileRef = B8C8B1AB2AFE6DFC00E20317 /* BackButton.swift */; };
		B8C8B1AE2AFE986A00E20317 /* BookBanner.swift in Sources */ = {isa = PBXBuildFile; fileRef = B8C8B1AD2AFE986A00E20317 /* BookBanner.swift */; };
		B8F656062AFA5775008B58A3 /* NovelNestApp.swift in Sources */ = {isa = PBXBuildFile; fileRef = B8F656052AFA5775008B58A3 /* NovelNestApp.swift */; };
		B8F656082AFA5775008B58A3 /* ContentView.swift in Sources */ = {isa = PBXBuildFile; fileRef = B8F656072AFA5775008B58A3 /* ContentView.swift */; };
		B8F6560A2AFA5777008B58A3 /* Assets.xcassets in Resources */ = {isa = PBXBuildFile; fileRef = B8F656092AFA5777008B58A3 /* Assets.xcassets */; };
		B8F6560D2AFA5777008B58A3 /* Preview Assets.xcassets in Resources */ = {isa = PBXBuildFile; fileRef = B8F6560C2AFA5777008B58A3 /* Preview Assets.xcassets */; };
		B8F656172AFA5777008B58A3 /* NovelNestTests.swift in Sources */ = {isa = PBXBuildFile; fileRef = B8F656162AFA5777008B58A3 /* NovelNestTests.swift */; };
		B8F656212AFA5777008B58A3 /* NovelNestUITests.swift in Sources */ = {isa = PBXBuildFile; fileRef = B8F656202AFA5777008B58A3 /* NovelNestUITests.swift */; };
		B8F656232AFA5777008B58A3 /* NovelNestUITestsLaunchTests.swift in Sources */ = {isa = PBXBuildFile; fileRef = B8F656222AFA5777008B58A3 /* NovelNestUITestsLaunchTests.swift */; };
		B8F656312AFA5AF2008B58A3 /* OnBoardingScreen.swift in Sources */ = {isa = PBXBuildFile; fileRef = B8F656302AFA5AF2008B58A3 /* OnBoardingScreen.swift */; };
		B8F656352AFADE87008B58A3 /* MainView.swift in Sources */ = {isa = PBXBuildFile; fileRef = B8F656342AFADE87008B58A3 /* MainView.swift */; };
		B8F656372AFAE04B008B58A3 /* HomeView.swift in Sources */ = {isa = PBXBuildFile; fileRef = B8F656362AFAE04B008B58A3 /* HomeView.swift */; };
		B8F656392AFAE05D008B58A3 /* ExploreView.swift in Sources */ = {isa = PBXBuildFile; fileRef = B8F656382AFAE05D008B58A3 /* ExploreView.swift */; };
		B8F6563B2AFAE06C008B58A3 /* NotificationsView.swift in Sources */ = {isa = PBXBuildFile; fileRef = B8F6563A2AFAE06C008B58A3 /* NotificationsView.swift */; };
		B8F6563E2AFAE701008B58A3 /* AppMenuButton.swift in Sources */ = {isa = PBXBuildFile; fileRef = B8F6563D2AFAE701008B58A3 /* AppMenuButton.swift */; };
		B8F656412AFAE76E008B58A3 /* PressableButtonStyle.swift in Sources */ = {isa = PBXBuildFile; fileRef = B8F656402AFAE76E008B58A3 /* PressableButtonStyle.swift */; };
/* End PBXBuildFile section */

/* Begin PBXContainerItemProxy section */
		B8F656132AFA5777008B58A3 /* PBXContainerItemProxy */ = {
			isa = PBXContainerItemProxy;
			containerPortal = B8F655FA2AFA5775008B58A3 /* Project object */;
			proxyType = 1;
			remoteGlobalIDString = B8F656012AFA5775008B58A3;
			remoteInfo = NovelNest;
		};
		B8F6561D2AFA5777008B58A3 /* PBXContainerItemProxy */ = {
			isa = PBXContainerItemProxy;
			containerPortal = B8F655FA2AFA5775008B58A3 /* Project object */;
			proxyType = 1;
			remoteGlobalIDString = B8F656012AFA5775008B58A3;
			remoteInfo = NovelNest;
		};
/* End PBXContainerItemProxy section */

/* Begin PBXFileReference section */
		B80DDE0B2B01701B00951295 /* BooksComingSoon.swift */ = {isa = PBXFileReference; lastKnownFileType = sourcecode.swift; path = BooksComingSoon.swift; sourceTree = "<group>"; };
		B82B2B452AFBCEA6002C47C7 /* ProfileButton.swift */ = {isa = PBXFileReference; lastKnownFileType = sourcecode.swift; path = ProfileButton.swift; sourceTree = "<group>"; };
		B82B2B472AFBD29F002C47C7 /* SectionHeader.swift */ = {isa = PBXFileReference; lastKnownFileType = sourcecode.swift; path = SectionHeader.swift; sourceTree = "<group>"; };
		B82B2B492AFBDA5F002C47C7 /* BookItem.swift */ = {isa = PBXFileReference; lastKnownFileType = sourcecode.swift; path = BookItem.swift; sourceTree = "<group>"; };
		B82B2B4C2AFBDEB0002C47C7 /* Books.swift */ = {isa = PBXFileReference; lastKnownFileType = sourcecode.swift; path = Books.swift; sourceTree = "<group>"; };
		B8C8B1A52AFE556A00E20317 /* BooksViewModel.swift */ = {isa = PBXFileReference; lastKnownFileType = sourcecode.swift; path = BooksViewModel.swift; sourceTree = "<group>"; };
		B8C8B1A72AFE57BB00E20317 /* MyBooksView.swift */ = {isa = PBXFileReference; lastKnownFileType = sourcecode.swift; path = MyBooksView.swift; sourceTree = "<group>"; };
		B8C8B1A92AFE68E700E20317 /* MenuView.swift */ = {isa = PBXFileReference; lastKnownFileType = sourcecode.swift; path = MenuView.swift; sourceTree = "<group>"; };
		B8C8B1AB2AFE6DFC00E20317 /* BackButton.swift */ = {isa = PBXFileReference; lastKnownFileType = sourcecode.swift; path = BackButton.swift; sourceTree = "<group>"; };
		B8C8B1AD2AFE986A00E20317 /* BookBanner.swift */ = {isa = PBXFileReference; lastKnownFileType = sourcecode.swift; path = BookBanner.swift; sourceTree = "<group>"; };
		B8F656022AFA5775008B58A3 /* NovelNest.app */ = {isa = PBXFileReference; explicitFileType = wrapper.application; includeInIndex = 0; path = NovelNest.app; sourceTree = BUILT_PRODUCTS_DIR; };
		B8F656052AFA5775008B58A3 /* NovelNestApp.swift */ = {isa = PBXFileReference; lastKnownFileType = sourcecode.swift; path = NovelNestApp.swift; sourceTree = "<group>"; };
		B8F656072AFA5775008B58A3 /* ContentView.swift */ = {isa = PBXFileReference; lastKnownFileType = sourcecode.swift; path = ContentView.swift; sourceTree = "<group>"; };
		B8F656092AFA5777008B58A3 /* Assets.xcassets */ = {isa = PBXFileReference; lastKnownFileType = folder.assetcatalog; path = Assets.xcassets; sourceTree = "<group>"; };
		B8F6560C2AFA5777008B58A3 /* Preview Assets.xcassets */ = {isa = PBXFileReference; lastKnownFileType = folder.assetcatalog; path = "Preview Assets.xcassets"; sourceTree = "<group>"; };
		B8F656122AFA5777008B58A3 /* NovelNestTests.xctest */ = {isa = PBXFileReference; explicitFileType = wrapper.cfbundle; includeInIndex = 0; path = NovelNestTests.xctest; sourceTree = BUILT_PRODUCTS_DIR; };
		B8F656162AFA5777008B58A3 /* NovelNestTests.swift */ = {isa = PBXFileReference; lastKnownFileType = sourcecode.swift; path = NovelNestTests.swift; sourceTree = "<group>"; };
		B8F6561C2AFA5777008B58A3 /* NovelNestUITests.xctest */ = {isa = PBXFileReference; explicitFileType = wrapper.cfbundle; includeInIndex = 0; path = NovelNestUITests.xctest; sourceTree = BUILT_PRODUCTS_DIR; };
		B8F656202AFA5777008B58A3 /* NovelNestUITests.swift */ = {isa = PBXFileReference; lastKnownFileType = sourcecode.swift; path = NovelNestUITests.swift; sourceTree = "<group>"; };
		B8F656222AFA5777008B58A3 /* NovelNestUITestsLaunchTests.swift */ = {isa = PBXFileReference; lastKnownFileType = sourcecode.swift; path = NovelNestUITestsLaunchTests.swift; sourceTree = "<group>"; };
		B8F656302AFA5AF2008B58A3 /* OnBoardingScreen.swift */ = {isa = PBXFileReference; lastKnownFileType = sourcecode.swift; path = OnBoardingScreen.swift; sourceTree = "<group>"; };
		B8F656342AFADE87008B58A3 /* MainView.swift */ = {isa = PBXFileReference; lastKnownFileType = sourcecode.swift; path = MainView.swift; sourceTree = "<group>"; };
		B8F656362AFAE04B008B58A3 /* HomeView.swift */ = {isa = PBXFileReference; lastKnownFileType = sourcecode.swift; path = HomeView.swift; sourceTree = "<group>"; };
		B8F656382AFAE05D008B58A3 /* ExploreView.swift */ = {isa = PBXFileReference; lastKnownFileType = sourcecode.swift; path = ExploreView.swift; sourceTree = "<group>"; };
		B8F6563A2AFAE06C008B58A3 /* NotificationsView.swift */ = {isa = PBXFileReference; lastKnownFileType = sourcecode.swift; path = NotificationsView.swift; sourceTree = "<group>"; };
		B8F6563D2AFAE701008B58A3 /* AppMenuButton.swift */ = {isa = PBXFileReference; lastKnownFileType = sourcecode.swift; path = AppMenuButton.swift; sourceTree = "<group>"; };
		B8F656402AFAE76E008B58A3 /* PressableButtonStyle.swift */ = {isa = PBXFileReference; lastKnownFileType = sourcecode.swift; path = PressableButtonStyle.swift; sourceTree = "<group>"; };
/* End PBXFileReference section */

/* Begin PBXFrameworksBuildPhase section */
		B8F655FF2AFA5775008B58A3 /* Frameworks */ = {
			isa = PBXFrameworksBuildPhase;
			buildActionMask = 2147483647;
			files = (
			);
			runOnlyForDeploymentPostprocessing = 0;
		};
		B8F6560F2AFA5777008B58A3 /* Frameworks */ = {
			isa = PBXFrameworksBuildPhase;
			buildActionMask = 2147483647;
			files = (
			);
			runOnlyForDeploymentPostprocessing = 0;
		};
		B8F656192AFA5777008B58A3 /* Frameworks */ = {
			isa = PBXFrameworksBuildPhase;
			buildActionMask = 2147483647;
			files = (
			);
			runOnlyForDeploymentPostprocessing = 0;
		};
/* End PBXFrameworksBuildPhase section */

/* Begin PBXGroup section */
		B82B2B4B2AFBDE90002C47C7 /* Model */ = {
			isa = PBXGroup;
			children = (
				B82B2B4C2AFBDEB0002C47C7 /* Books.swift */,
				B80DDE0B2B01701B00951295 /* BooksComingSoon.swift */,
			);
			path = Model;
			sourceTree = "<group>";
		};
		B8C8B1A42AFE552E00E20317 /* ViewModel */ = {
			isa = PBXGroup;
			children = (
				B8C8B1A52AFE556A00E20317 /* BooksViewModel.swift */,
			);
			path = ViewModel;
			sourceTree = "<group>";
		};
		B8F655F92AFA5775008B58A3 = {
			isa = PBXGroup;
			children = (
				B8F656042AFA5775008B58A3 /* NovelNest */,
				B8F656152AFA5777008B58A3 /* NovelNestTests */,
				B8F6561F2AFA5777008B58A3 /* NovelNestUITests */,
				B8F656032AFA5775008B58A3 /* Products */,
			);
			sourceTree = "<group>";
		};
		B8F656032AFA5775008B58A3 /* Products */ = {
			isa = PBXGroup;
			children = (
				B8F656022AFA5775008B58A3 /* NovelNest.app */,
				B8F656122AFA5777008B58A3 /* NovelNestTests.xctest */,
				B8F6561C2AFA5777008B58A3 /* NovelNestUITests.xctest */,
			);
			name = Products;
			sourceTree = "<group>";
		};
		B8F656042AFA5775008B58A3 /* NovelNest */ = {
			isa = PBXGroup;
			children = (
				B8F656052AFA5775008B58A3 /* NovelNestApp.swift */,
				B8F656072AFA5775008B58A3 /* ContentView.swift */,
				B8F6562F2AFA5AD4008B58A3 /* Views */,
				B8F6563C2AFAE55E008B58A3 /* Components */,
				B8F6563F2AFAE752008B58A3 /* Extension */,
				B82B2B4B2AFBDE90002C47C7 /* Model */,
				B8C8B1A42AFE552E00E20317 /* ViewModel */,
				B8F656092AFA5777008B58A3 /* Assets.xcassets */,
				B8F6560B2AFA5777008B58A3 /* Preview Content */,
			);
			path = NovelNest;
			sourceTree = "<group>";
		};
		B8F6560B2AFA5777008B58A3 /* Preview Content */ = {
			isa = PBXGroup;
			children = (
				B8F6560C2AFA5777008B58A3 /* Preview Assets.xcassets */,
			);
			path = "Preview Content";
			sourceTree = "<group>";
		};
		B8F656152AFA5777008B58A3 /* NovelNestTests */ = {
			isa = PBXGroup;
			children = (
				B8F656162AFA5777008B58A3 /* NovelNestTests.swift */,
			);
			path = NovelNestTests;
			sourceTree = "<group>";
		};
		B8F6561F2AFA5777008B58A3 /* NovelNestUITests */ = {
			isa = PBXGroup;
			children = (
				B8F656202AFA5777008B58A3 /* NovelNestUITests.swift */,
				B8F656222AFA5777008B58A3 /* NovelNestUITestsLaunchTests.swift */,
			);
			path = NovelNestUITests;
			sourceTree = "<group>";
		};
		B8F6562F2AFA5AD4008B58A3 /* Views */ = {
			isa = PBXGroup;
			children = (
				B8F656302AFA5AF2008B58A3 /* OnBoardingScreen.swift */,
				B8F656382AFAE05D008B58A3 /* ExploreView.swift */,
				B8F6563A2AFAE06C008B58A3 /* NotificationsView.swift */,
				B8F656342AFADE87008B58A3 /* MainView.swift */,
				B8F656362AFAE04B008B58A3 /* HomeView.swift */,
				B8C8B1A72AFE57BB00E20317 /* MyBooksView.swift */,
				B8C8B1A92AFE68E700E20317 /* MenuView.swift */,
			);
			path = Views;
			sourceTree = "<group>";
		};
		B8F6563C2AFAE55E008B58A3 /* Components */ = {
			isa = PBXGroup;
			children = (
				B8F6563D2AFAE701008B58A3 /* AppMenuButton.swift */,
				B82B2B452AFBCEA6002C47C7 /* ProfileButton.swift */,
				B82B2B472AFBD29F002C47C7 /* SectionHeader.swift */,
				B82B2B492AFBDA5F002C47C7 /* BookItem.swift */,
				B8C8B1AB2AFE6DFC00E20317 /* BackButton.swift */,
				B8C8B1AD2AFE986A00E20317 /* BookBanner.swift */,
			);
			path = Components;
			sourceTree = "<group>";
		};
		B8F6563F2AFAE752008B58A3 /* Extension */ = {
			isa = PBXGroup;
			children = (
				B8F656402AFAE76E008B58A3 /* PressableButtonStyle.swift */,
			);
			path = Extension;
			sourceTree = "<group>";
		};
/* End PBXGroup section */

/* Begin PBXNativeTarget section */
		B8F656012AFA5775008B58A3 /* NovelNest */ = {
			isa = PBXNativeTarget;
			buildConfigurationList = B8F656262AFA5777008B58A3 /* Build configuration list for PBXNativeTarget "NovelNest" */;
			buildPhases = (
				B8F655FE2AFA5775008B58A3 /* Sources */,
				B8F655FF2AFA5775008B58A3 /* Frameworks */,
				B8F656002AFA5775008B58A3 /* Resources */,
			);
			buildRules = (
			);
			dependencies = (
			);
			name = NovelNest;
			productName = NovelNest;
			productReference = B8F656022AFA5775008B58A3 /* NovelNest.app */;
			productType = "com.apple.product-type.application";
		};
		B8F656112AFA5777008B58A3 /* NovelNestTests */ = {
			isa = PBXNativeTarget;
			buildConfigurationList = B8F656292AFA5777008B58A3 /* Build configuration list for PBXNativeTarget "NovelNestTests" */;
			buildPhases = (
				B8F6560E2AFA5777008B58A3 /* Sources */,
				B8F6560F2AFA5777008B58A3 /* Frameworks */,
				B8F656102AFA5777008B58A3 /* Resources */,
			);
			buildRules = (
			);
			dependencies = (
				B8F656142AFA5777008B58A3 /* PBXTargetDependency */,
			);
			name = NovelNestTests;
			productName = NovelNestTests;
			productReference = B8F656122AFA5777008B58A3 /* NovelNestTests.xctest */;
			productType = "com.apple.product-type.bundle.unit-test";
		};
		B8F6561B2AFA5777008B58A3 /* NovelNestUITests */ = {
			isa = PBXNativeTarget;
			buildConfigurationList = B8F6562C2AFA5777008B58A3 /* Build configuration list for PBXNativeTarget "NovelNestUITests" */;
			buildPhases = (
				B8F656182AFA5777008B58A3 /* Sources */,
				B8F656192AFA5777008B58A3 /* Frameworks */,
				B8F6561A2AFA5777008B58A3 /* Resources */,
			);
			buildRules = (
			);
			dependencies = (
				B8F6561E2AFA5777008B58A3 /* PBXTargetDependency */,
			);
			name = NovelNestUITests;
			productName = NovelNestUITests;
			productReference = B8F6561C2AFA5777008B58A3 /* NovelNestUITests.xctest */;
			productType = "com.apple.product-type.bundle.ui-testing";
		};
/* End PBXNativeTarget section */

/* Begin PBXProject section */
		B8F655FA2AFA5775008B58A3 /* Project object */ = {
			isa = PBXProject;
			attributes = {
				BuildIndependentTargetsInParallel = 1;
				LastSwiftUpdateCheck = 1500;
				LastUpgradeCheck = 1500;
				TargetAttributes = {
					B8F656012AFA5775008B58A3 = {
						CreatedOnToolsVersion = 15.0.1;
					};
					B8F656112AFA5777008B58A3 = {
						CreatedOnToolsVersion = 15.0.1;
						TestTargetID = B8F656012AFA5775008B58A3;
					};
					B8F6561B2AFA5777008B58A3 = {
						CreatedOnToolsVersion = 15.0.1;
						TestTargetID = B8F656012AFA5775008B58A3;
					};
				};
			};
			buildConfigurationList = B8F655FD2AFA5775008B58A3 /* Build configuration list for PBXProject "NovelNest" */;
			compatibilityVersion = "Xcode 14.0";
			developmentRegion = en;
			hasScannedForEncodings = 0;
			knownRegions = (
				en,
				Base,
			);
			mainGroup = B8F655F92AFA5775008B58A3;
			productRefGroup = B8F656032AFA5775008B58A3 /* Products */;
			projectDirPath = "";
			projectRoot = "";
			targets = (
				B8F656012AFA5775008B58A3 /* NovelNest */,
				B8F656112AFA5777008B58A3 /* NovelNestTests */,
				B8F6561B2AFA5777008B58A3 /* NovelNestUITests */,
			);
		};
/* End PBXProject section */

/* Begin PBXResourcesBuildPhase section */
		B8F656002AFA5775008B58A3 /* Resources */ = {
			isa = PBXResourcesBuildPhase;
			buildActionMask = 2147483647;
			files = (
				B8F6560D2AFA5777008B58A3 /* Preview Assets.xcassets in Resources */,
				B8F6560A2AFA5777008B58A3 /* Assets.xcassets in Resources */,
			);
			runOnlyForDeploymentPostprocessing = 0;
		};
		B8F656102AFA5777008B58A3 /* Resources */ = {
			isa = PBXResourcesBuildPhase;
			buildActionMask = 2147483647;
			files = (
			);
			runOnlyForDeploymentPostprocessing = 0;
		};
		B8F6561A2AFA5777008B58A3 /* Resources */ = {
			isa = PBXResourcesBuildPhase;
			buildActionMask = 2147483647;
			files = (
			);
			runOnlyForDeploymentPostprocessing = 0;
		};
/* End PBXResourcesBuildPhase section */

/* Begin PBXSourcesBuildPhase section */
		B8F655FE2AFA5775008B58A3 /* Sources */ = {
			isa = PBXSourcesBuildPhase;
			buildActionMask = 2147483647;
			files = (
				B8F656312AFA5AF2008B58A3 /* OnBoardingScreen.swift in Sources */,
				B8C8B1A82AFE57BB00E20317 /* MyBooksView.swift in Sources */,
				B82B2B4D2AFBDEB0002C47C7 /* Books.swift in Sources */,
				B8F656412AFAE76E008B58A3 /* PressableButtonStyle.swift in Sources */,
				B8C8B1A62AFE556A00E20317 /* BooksViewModel.swift in Sources */,
				B8F656352AFADE87008B58A3 /* MainView.swift in Sources */,
				B8C8B1AC2AFE6DFC00E20317 /* BackButton.swift in Sources */,
				B8F656082AFA5775008B58A3 /* ContentView.swift in Sources */,
				B8F656372AFAE04B008B58A3 /* HomeView.swift in Sources */,
				B8F6563E2AFAE701008B58A3 /* AppMenuButton.swift in Sources */,
				B8C8B1AE2AFE986A00E20317 /* BookBanner.swift in Sources */,
				B8C8B1AA2AFE68E700E20317 /* MenuView.swift in Sources */,
				B8F656392AFAE05D008B58A3 /* ExploreView.swift in Sources */,
				B82B2B4A2AFBDA5F002C47C7 /* BookItem.swift in Sources */,
				B82B2B462AFBCEA6002C47C7 /* ProfileButton.swift in Sources */,
				B82B2B482AFBD29F002C47C7 /* SectionHeader.swift in Sources */,
				B8F656062AFA5775008B58A3 /* NovelNestApp.swift in Sources */,
				B80DDE0C2B01701B00951295 /* BooksComingSoon.swift in Sources */,
				B8F6563B2AFAE06C008B58A3 /* NotificationsView.swift in Sources */,
			);
			runOnlyForDeploymentPostprocessing = 0;
		};
		B8F6560E2AFA5777008B58A3 /* Sources */ = {
			isa = PBXSourcesBuildPhase;
			buildActionMask = 2147483647;
			files = (
				B8F656172AFA5777008B58A3 /* NovelNestTests.swift in Sources */,
			);
			runOnlyForDeploymentPostprocessing = 0;
		};
		B8F656182AFA5777008B58A3 /* Sources */ = {
			isa = PBXSourcesBuildPhase;
			buildActionMask = 2147483647;
			files = (
				B8F656212AFA5777008B58A3 /* NovelNestUITests.swift in Sources */,
				B8F656232AFA5777008B58A3 /* NovelNestUITestsLaunchTests.swift in Sources */,
			);
			runOnlyForDeploymentPostprocessing = 0;
		};
/* End PBXSourcesBuildPhase section */

/* Begin PBXTargetDependency section */
		B8F656142AFA5777008B58A3 /* PBXTargetDependency */ = {
			isa = PBXTargetDependency;
			target = B8F656012AFA5775008B58A3 /* NovelNest */;
			targetProxy = B8F656132AFA5777008B58A3 /* PBXContainerItemProxy */;
		};
		B8F6561E2AFA5777008B58A3 /* PBXTargetDependency */ = {
			isa = PBXTargetDependency;
			target = B8F656012AFA5775008B58A3 /* NovelNest */;
			targetProxy = B8F6561D2AFA5777008B58A3 /* PBXContainerItemProxy */;
		};
/* End PBXTargetDependency section */

/* Begin XCBuildConfiguration section */
		B8F656242AFA5777008B58A3 /* Debug */ = {
			isa = XCBuildConfiguration;
			buildSettings = {
				ALWAYS_SEARCH_USER_PATHS = NO;
				ASSETCATALOG_COMPILER_GENERATE_SWIFT_ASSET_SYMBOL_EXTENSIONS = YES;
				CLANG_ANALYZER_NONNULL = YES;
				CLANG_ANALYZER_NUMBER_OBJECT_CONVERSION = YES_AGGRESSIVE;
				CLANG_CXX_LANGUAGE_STANDARD = "gnu++20";
				CLANG_ENABLE_MODULES = YES;
				CLANG_ENABLE_OBJC_ARC = YES;
				CLANG_ENABLE_OBJC_WEAK = YES;
				CLANG_WARN_BLOCK_CAPTURE_AUTORELEASING = YES;
				CLANG_WARN_BOOL_CONVERSION = YES;
				CLANG_WARN_COMMA = YES;
				CLANG_WARN_CONSTANT_CONVERSION = YES;
				CLANG_WARN_DEPRECATED_OBJC_IMPLEMENTATIONS = YES;
				CLANG_WARN_DIRECT_OBJC_ISA_USAGE = YES_ERROR;
				CLANG_WARN_DOCUMENTATION_COMMENTS = YES;
				CLANG_WARN_EMPTY_BODY = YES;
				CLANG_WARN_ENUM_CONVERSION = YES;
				CLANG_WARN_INFINITE_RECURSION = YES;
				CLANG_WARN_INT_CONVERSION = YES;
				CLANG_WARN_NON_LITERAL_NULL_CONVERSION = YES;
				CLANG_WARN_OBJC_IMPLICIT_RETAIN_SELF = YES;
				CLANG_WARN_OBJC_LITERAL_CONVERSION = YES;
				CLANG_WARN_OBJC_ROOT_CLASS = YES_ERROR;
				CLANG_WARN_QUOTED_INCLUDE_IN_FRAMEWORK_HEADER = YES;
				CLANG_WARN_RANGE_LOOP_ANALYSIS = YES;
				CLANG_WARN_STRICT_PROTOTYPES = YES;
				CLANG_WARN_SUSPICIOUS_MOVE = YES;
				CLANG_WARN_UNGUARDED_AVAILABILITY = YES_AGGRESSIVE;
				CLANG_WARN_UNREACHABLE_CODE = YES;
				CLANG_WARN__DUPLICATE_METHOD_MATCH = YES;
				COPY_PHASE_STRIP = NO;
				DEBUG_INFORMATION_FORMAT = dwarf;
				ENABLE_STRICT_OBJC_MSGSEND = YES;
				ENABLE_TESTABILITY = YES;
				ENABLE_USER_SCRIPT_SANDBOXING = YES;
				GCC_C_LANGUAGE_STANDARD = gnu17;
				GCC_DYNAMIC_NO_PIC = NO;
				GCC_NO_COMMON_BLOCKS = YES;
				GCC_OPTIMIZATION_LEVEL = 0;
				GCC_PREPROCESSOR_DEFINITIONS = (
					"DEBUG=1",
					"$(inherited)",
				);
				GCC_WARN_64_TO_32_BIT_CONVERSION = YES;
				GCC_WARN_ABOUT_RETURN_TYPE = YES_ERROR;
				GCC_WARN_UNDECLARED_SELECTOR = YES;
				GCC_WARN_UNINITIALIZED_AUTOS = YES_AGGRESSIVE;
				GCC_WARN_UNUSED_FUNCTION = YES;
				GCC_WARN_UNUSED_VARIABLE = YES;
				IPHONEOS_DEPLOYMENT_TARGET = 16.0;
				LOCALIZATION_PREFERS_STRING_CATALOGS = YES;
				MTL_ENABLE_DEBUG_INFO = INCLUDE_SOURCE;
				MTL_FAST_MATH = YES;
				ONLY_ACTIVE_ARCH = YES;
				SDKROOT = iphoneos;
				SWIFT_ACTIVE_COMPILATION_CONDITIONS = "DEBUG $(inherited)";
				SWIFT_OPTIMIZATION_LEVEL = "-Onone";
			};
			name = Debug;
		};
		B8F656252AFA5777008B58A3 /* Release */ = {
			isa = XCBuildConfiguration;
			buildSettings = {
				ALWAYS_SEARCH_USER_PATHS = NO;
				ASSETCATALOG_COMPILER_GENERATE_SWIFT_ASSET_SYMBOL_EXTENSIONS = YES;
				CLANG_ANALYZER_NONNULL = YES;
				CLANG_ANALYZER_NUMBER_OBJECT_CONVERSION = YES_AGGRESSIVE;
				CLANG_CXX_LANGUAGE_STANDARD = "gnu++20";
				CLANG_ENABLE_MODULES = YES;
				CLANG_ENABLE_OBJC_ARC = YES;
				CLANG_ENABLE_OBJC_WEAK = YES;
				CLANG_WARN_BLOCK_CAPTURE_AUTORELEASING = YES;
				CLANG_WARN_BOOL_CONVERSION = YES;
				CLANG_WARN_COMMA = YES;
				CLANG_WARN_CONSTANT_CONVERSION = YES;
				CLANG_WARN_DEPRECATED_OBJC_IMPLEMENTATIONS = YES;
				CLANG_WARN_DIRECT_OBJC_ISA_USAGE = YES_ERROR;
				CLANG_WARN_DOCUMENTATION_COMMENTS = YES;
				CLANG_WARN_EMPTY_BODY = YES;
				CLANG_WARN_ENUM_CONVERSION = YES;
				CLANG_WARN_INFINITE_RECURSION = YES;
				CLANG_WARN_INT_CONVERSION = YES;
				CLANG_WARN_NON_LITERAL_NULL_CONVERSION = YES;
				CLANG_WARN_OBJC_IMPLICIT_RETAIN_SELF = YES;
				CLANG_WARN_OBJC_LITERAL_CONVERSION = YES;
				CLANG_WARN_OBJC_ROOT_CLASS = YES_ERROR;
				CLANG_WARN_QUOTED_INCLUDE_IN_FRAMEWORK_HEADER = YES;
				CLANG_WARN_RANGE_LOOP_ANALYSIS = YES;
				CLANG_WARN_STRICT_PROTOTYPES = YES;
				CLANG_WARN_SUSPICIOUS_MOVE = YES;
				CLANG_WARN_UNGUARDED_AVAILABILITY = YES_AGGRESSIVE;
				CLANG_WARN_UNREACHABLE_CODE = YES;
				CLANG_WARN__DUPLICATE_METHOD_MATCH = YES;
				COPY_PHASE_STRIP = NO;
				DEBUG_INFORMATION_FORMAT = "dwarf-with-dsym";
				ENABLE_NS_ASSERTIONS = NO;
				ENABLE_STRICT_OBJC_MSGSEND = YES;
				ENABLE_USER_SCRIPT_SANDBOXING = YES;
				GCC_C_LANGUAGE_STANDARD = gnu17;
				GCC_NO_COMMON_BLOCKS = YES;
				GCC_WARN_64_TO_32_BIT_CONVERSION = YES;
				GCC_WARN_ABOUT_RETURN_TYPE = YES_ERROR;
				GCC_WARN_UNDECLARED_SELECTOR = YES;
				GCC_WARN_UNINITIALIZED_AUTOS = YES_AGGRESSIVE;
				GCC_WARN_UNUSED_FUNCTION = YES;
				GCC_WARN_UNUSED_VARIABLE = YES;
				IPHONEOS_DEPLOYMENT_TARGET = 16.0;
				LOCALIZATION_PREFERS_STRING_CATALOGS = YES;
				MTL_ENABLE_DEBUG_INFO = NO;
				MTL_FAST_MATH = YES;
				SDKROOT = iphoneos;
				SWIFT_COMPILATION_MODE = wholemodule;
				VALIDATE_PRODUCT = YES;
			};
			name = Release;
		};
		B8F656272AFA5777008B58A3 /* Debug */ = {
			isa = XCBuildConfiguration;
			buildSettings = {
				ASSETCATALOG_COMPILER_APPICON_NAME = AppIcon;
				ASSETCATALOG_COMPILER_GLOBAL_ACCENT_COLOR_NAME = AccentColor;
				CODE_SIGN_STYLE = Automatic;
				CURRENT_PROJECT_VERSION = 1;
				DEVELOPMENT_ASSET_PATHS = "\"NovelNest/Preview Content\"";
				ENABLE_PREVIEWS = YES;
				GENERATE_INFOPLIST_FILE = YES;
				INFOPLIST_KEY_UIApplicationSceneManifest_Generation = YES;
				INFOPLIST_KEY_UIApplicationSupportsIndirectInputEvents = YES;
				INFOPLIST_KEY_UILaunchScreen_Generation = YES;
				INFOPLIST_KEY_UIStatusBarStyle = "";
				INFOPLIST_KEY_UISupportedInterfaceOrientations = UIInterfaceOrientationPortrait;
				INFOPLIST_KEY_UISupportedInterfaceOrientations_iPad = "UIInterfaceOrientationLandscapeLeft UIInterfaceOrientationLandscapeRight UIInterfaceOrientationPortrait UIInterfaceOrientationPortraitUpsideDown";
				IPHONEOS_DEPLOYMENT_TARGET = 16.0;
				LD_RUNPATH_SEARCH_PATHS = (
					"$(inherited)",
					"@executable_path/Frameworks",
				);
				MARKETING_VERSION = 1.0;
				PRODUCT_BUNDLE_IDENTIFIER = com.idenfo.NovelNest;
				PRODUCT_NAME = "$(TARGET_NAME)";
				SUPPORTED_PLATFORMS = "iphoneos iphonesimulator";
				SUPPORTS_MACCATALYST = NO;
				SUPPORTS_MAC_DESIGNED_FOR_IPHONE_IPAD = NO;
				SWIFT_EMIT_LOC_STRINGS = YES;
				SWIFT_VERSION = 5.0;
				TARGETED_DEVICE_FAMILY = 1;
			};
			name = Debug;
		};
		B8F656282AFA5777008B58A3 /* Release */ = {
			isa = XCBuildConfiguration;
			buildSettings = {
				ASSETCATALOG_COMPILER_APPICON_NAME = AppIcon;
				ASSETCATALOG_COMPILER_GLOBAL_ACCENT_COLOR_NAME = AccentColor;
				CODE_SIGN_STYLE = Automatic;
				CURRENT_PROJECT_VERSION = 1;
				DEVELOPMENT_ASSET_PATHS = "\"NovelNest/Preview Content\"";
				ENABLE_PREVIEWS = YES;
				GENERATE_INFOPLIST_FILE = YES;
				INFOPLIST_KEY_UIApplicationSceneManifest_Generation = YES;
				INFOPLIST_KEY_UIApplicationSupportsIndirectInputEvents = YES;
				INFOPLIST_KEY_UILaunchScreen_Generation = YES;
				INFOPLIST_KEY_UIStatusBarStyle = "";
				INFOPLIST_KEY_UISupportedInterfaceOrientations = UIInterfaceOrientationPortrait;
				INFOPLIST_KEY_UISupportedInterfaceOrientations_iPad = "UIInterfaceOrientationLandscapeLeft UIInterfaceOrientationLandscapeRight UIInterfaceOrientationPortrait UIInterfaceOrientationPortraitUpsideDown";
				IPHONEOS_DEPLOYMENT_TARGET = 16.0;
				LD_RUNPATH_SEARCH_PATHS = (
					"$(inherited)",
					"@executable_path/Frameworks",
				);
				MARKETING_VERSION = 1.0;
				PRODUCT_BUNDLE_IDENTIFIER = com.idenfo.NovelNest;
				PRODUCT_NAME = "$(TARGET_NAME)";
				SUPPORTED_PLATFORMS = "iphoneos iphonesimulator";
				SUPPORTS_MACCATALYST = NO;
				SUPPORTS_MAC_DESIGNED_FOR_IPHONE_IPAD = NO;
				SWIFT_EMIT_LOC_STRINGS = YES;
				SWIFT_VERSION = 5.0;
				TARGETED_DEVICE_FAMILY = 1;
			};
			name = Release;
		};
		B8F6562A2AFA5777008B58A3 /* Debug */ = {
			isa = XCBuildConfiguration;
			buildSettings = {
				ALWAYS_EMBED_SWIFT_STANDARD_LIBRARIES = YES;
				BUNDLE_LOADER = "$(TEST_HOST)";
				CODE_SIGN_STYLE = Automatic;
				CURRENT_PROJECT_VERSION = 1;
				GENERATE_INFOPLIST_FILE = YES;
				IPHONEOS_DEPLOYMENT_TARGET = 17.0;
				MARKETING_VERSION = 1.0;
				PRODUCT_BUNDLE_IDENTIFIER = com.idenfo.NovelNestTests;
				PRODUCT_NAME = "$(TARGET_NAME)";
				SWIFT_EMIT_LOC_STRINGS = NO;
				SWIFT_VERSION = 5.0;
				TARGETED_DEVICE_FAMILY = "1,2";
				TEST_HOST = "$(BUILT_PRODUCTS_DIR)/NovelNest.app/$(BUNDLE_EXECUTABLE_FOLDER_PATH)/NovelNest";
			};
			name = Debug;
		};
		B8F6562B2AFA5777008B58A3 /* Release */ = {
			isa = XCBuildConfiguration;
			buildSettings = {
				ALWAYS_EMBED_SWIFT_STANDARD_LIBRARIES = YES;
				BUNDLE_LOADER = "$(TEST_HOST)";
				CODE_SIGN_STYLE = Automatic;
				CURRENT_PROJECT_VERSION = 1;
				GENERATE_INFOPLIST_FILE = YES;
				IPHONEOS_DEPLOYMENT_TARGET = 17.0;
				MARKETING_VERSION = 1.0;
				PRODUCT_BUNDLE_IDENTIFIER = com.idenfo.NovelNestTests;
				PRODUCT_NAME = "$(TARGET_NAME)";
				SWIFT_EMIT_LOC_STRINGS = NO;
				SWIFT_VERSION = 5.0;
				TARGETED_DEVICE_FAMILY = "1,2";
				TEST_HOST = "$(BUILT_PRODUCTS_DIR)/NovelNest.app/$(BUNDLE_EXECUTABLE_FOLDER_PATH)/NovelNest";
			};
			name = Release;
		};
		B8F6562D2AFA5777008B58A3 /* Debug */ = {
			isa = XCBuildConfiguration;
			buildSettings = {
				ALWAYS_EMBED_SWIFT_STANDARD_LIBRARIES = YES;
				CODE_SIGN_STYLE = Automatic;
				CURRENT_PROJECT_VERSION = 1;
				GENERATE_INFOPLIST_FILE = YES;
				MARKETING_VERSION = 1.0;
				PRODUCT_BUNDLE_IDENTIFIER = com.idenfo.NovelNestUITests;
				PRODUCT_NAME = "$(TARGET_NAME)";
				SWIFT_EMIT_LOC_STRINGS = NO;
				SWIFT_VERSION = 5.0;
				TARGETED_DEVICE_FAMILY = "1,2";
				TEST_TARGET_NAME = NovelNest;
			};
			name = Debug;
		};
		B8F6562E2AFA5777008B58A3 /* Release */ = {
			isa = XCBuildConfiguration;
			buildSettings = {
				ALWAYS_EMBED_SWIFT_STANDARD_LIBRARIES = YES;
				CODE_SIGN_STYLE = Automatic;
				CURRENT_PROJECT_VERSION = 1;
				GENERATE_INFOPLIST_FILE = YES;
				MARKETING_VERSION = 1.0;
				PRODUCT_BUNDLE_IDENTIFIER = com.idenfo.NovelNestUITests;
				PRODUCT_NAME = "$(TARGET_NAME)";
				SWIFT_EMIT_LOC_STRINGS = NO;
				SWIFT_VERSION = 5.0;
				TARGETED_DEVICE_FAMILY = "1,2";
				TEST_TARGET_NAME = NovelNest;
			};
			name = Release;
		};
/* End XCBuildConfiguration section */

/* Begin XCConfigurationList section */
		B8F655FD2AFA5775008B58A3 /* Build configuration list for PBXProject "NovelNest" */ = {
			isa = XCConfigurationList;
			buildConfigurations = (
				B8F656242AFA5777008B58A3 /* Debug */,
				B8F656252AFA5777008B58A3 /* Release */,
			);
			defaultConfigurationIsVisible = 0;
			defaultConfigurationName = Release;
		};
		B8F656262AFA5777008B58A3 /* Build configuration list for PBXNativeTarget "NovelNest" */ = {
			isa = XCConfigurationList;
			buildConfigurations = (
				B8F656272AFA5777008B58A3 /* Debug */,
				B8F656282AFA5777008B58A3 /* Release */,
			);
			defaultConfigurationIsVisible = 0;
			defaultConfigurationName = Release;
		};
		B8F656292AFA5777008B58A3 /* Build configuration list for PBXNativeTarget "NovelNestTests" */ = {
			isa = XCConfigurationList;
			buildConfigurations = (
				B8F6562A2AFA5777008B58A3 /* Debug */,
				B8F6562B2AFA5777008B58A3 /* Release */,
			);
			defaultConfigurationIsVisible = 0;
			defaultConfigurationName = Release;
		};
		B8F6562C2AFA5777008B58A3 /* Build configuration list for PBXNativeTarget "NovelNestUITests" */ = {
			isa = XCConfigurationList;
			buildConfigurations = (
				B8F6562D2AFA5777008B58A3 /* Debug */,
				B8F6562E2AFA5777008B58A3 /* Release */,
			);
			defaultConfigurationIsVisible = 0;
			defaultConfigurationName = Release;
		};
/* End XCConfigurationList section */
	};
	rootObject = B8F655FA2AFA5775008B58A3 /* Project object */;
}
